
Microsoft Visual Studio Solution File, Format Version 12.00
# Visual Studio Version 16
VisualStudioVersion = 16.0.31129.286
MinimumVisualStudioVersion = 10.0.40219.1
Project("{9A19103F-16F7-4668-BE54-9A1E7A4F7556}") = "ULABITOHelpDesk.Models", "ULABITOHelpDesk.Models\ULABITOHelpDesk.Models.csproj", "{A1EC6515-9106-4A36-A6C6-7DC3E51F4511}"
EndProject
Project("{9A19103F-16F7-4668-BE54-9A1E7A4F7556}") = "ULABITOHelpDesk.DataAccess", "ULABITOHelpDesk.DataAccess\ULABITOHelpDesk.DataAccess.csproj", "{4BF05F43-51C5-4DDA-93AA-F8B602AEA8A2}"
EndProject
Project("{9A19103F-16F7-4668-BE54-9A1E7A4F7556}") = "ULABITOHelpDesk.Utility", "ULABITOHelpDesk.Utility\ULABITOHelpDesk.Utility.csproj", "{7C5BC110-1CCE-440A-AEF6-657166A655D3}"
EndProject
Project("{9A19103F-16F7-4668-BE54-9A1E7A4F7556}") = "ULABITOHelpDesk.AppOnline", "ULABITOHelpDesk.AppOnline\ULABITOHelpDesk.AppOnline.csproj", "{A3A9432C-F17B-4EED-AC72-C6A226CF9F6C}"
EndProject
Global
	GlobalSection(SolutionConfigurationPlatforms) = preSolution
		Debug|Any CPU = Debug|Any CPU
		Release|Any CPU = Release|Any CPU
	EndGlobalSection
	GlobalSection(ProjectConfigurationPlatforms) = postSolution
		{A1EC6515-9106-4A36-A6C6-7DC3E51F4511}.Debug|Any CPU.ActiveCfg = Debug|Any CPU
		{A1EC6515-9106-4A36-A6C6-7DC3E51F4511}.Debug|Any CPU.Build.0 = Debug|Any CPU
		{A1EC6515-9106-4A36-A6C6-7DC3E51F4511}.Release|Any CPU.ActiveCfg = Release|Any CPU
		{A1EC6515-9106-4A36-A6C6-7DC3E51F4511}.Release|Any CPU.Build.0 = Release|Any CPU
		{4BF05F43-51C5-4DDA-93AA-F8B602AEA8A2}.Debug|Any CPU.ActiveCfg = Debug|Any CPU
		{4BF05F43-51C5-4DDA-93AA-F8B602AEA8A2}.Debug|Any CPU.Build.0 = Debug|Any CPU
		{4BF05F43-51C5-4DDA-93AA-F8B602AEA8A2}.Release|Any CPU.ActiveCfg = Release|Any CPU
		{4BF05F43-51C5-4DDA-93AA-F8B602AEA8A2}.Release|Any CPU.Build.0 = Release|Any CPU
		{7C5BC110-1CCE-440A-AEF6-657166A655D3}.Debug|Any CPU.ActiveCfg = Debug|Any CPU
		{7C5BC110-1CCE-440A-AEF6-657166A655D3}.Debug|Any CPU.Build.0 = Debug|Any CPU
		{7C5BC110-1CCE-440A-AEF6-657166A655D3}.Release|Any CPU.ActiveCfg = Release|Any CPU
		{7C5BC110-1CCE-440A-AEF6-657166A655D3}.Release|Any CPU.Build.0 = Release|Any CPU
		{A3A9432C-F17B-4EED-AC72-C6A226CF9F6C}.Debug|Any CPU.ActiveCfg = Debug|Any CPU
		{A3A9432C-F17B-4EED-AC72-C6A226CF9F6C}.Debug|Any CPU.Build.0 = Debug|Any CPU
		{A3A9432C-F17B-4EED-AC72-C6A226CF9F6C}.Release|Any CPU.ActiveCfg = Release|Any CPU
		{A3A9432C-F17B-4EED-AC72-C6A226CF9F6C}.Release|Any CPU.Build.0 = Release|Any CPU
	EndGlobalSection
	GlobalSection(SolutionProperties) = preSolution
		HideSolutionNode = FALSE
	EndGlobalSection
	GlobalSection(ExtensibilityGlobals) = postSolution
		SolutionGuid = {81DB0EDA-8981-4F9D-9F1E-004C282758EF}
	EndGlobalSection
EndGlobal
